// !$*UTF8*$!
{
	archiveVersion = 1;
	classes = {
	};
	objectVersion = 46;
	objects = {

/* Begin PBXBuildFile section */
		FA4C1C2F1E7D31DE009A2D59 /* NotificationCenter.framework in Frameworks */ = {isa = PBXBuildFile; fileRef = FA4C1C2E1E7D31DE009A2D59 /* NotificationCenter.framework */; };
		FA4C1C351E7D31DE009A2D59 /* TodayViewController.m in Sources */ = {isa = PBXBuildFile; fileRef = FA4C1C341E7D31DE009A2D59 /* TodayViewController.m */; };
		FA4C1C381E7D31DE009A2D59 /* TodayViewController.xib in Resources */ = {isa = PBXBuildFile; fileRef = FA4C1C361E7D31DE009A2D59 /* TodayViewController.xib */; };
		FA4C1C3C1E7D31DE009A2D59 /* InfoPlist.strings in Resources */ = {isa = PBXBuildFile; fileRef = FA4C1C3A1E7D31DE009A2D59 /* InfoPlist.strings */; };
		FA4C1C3F1E7D31DE009A2D59 /* TodayWidget.appex in Embed App Extensions */ = {isa = PBXBuildFile; fileRef = FA4C1C2C1E7D31DE009A2D59 /* TodayWidget.appex */; settings = {ATTRIBUTES = (RemoveHeadersOnCopy, ); }; };
		FA4C1C441E7D32DD009A2D59 /* tminus.c in Sources */ = {isa = PBXBuildFile; fileRef = FA6A22A41E59F3E7005FCFF1 /* tminus.c */; };
		FA4C1C471E7D3607009A2D59 /* TminusMacUtils.m in Sources */ = {isa = PBXBuildFile; fileRef = FA4C1C461E7D3607009A2D59 /* TminusMacUtils.m */; };
		FA4C1C481E7D366E009A2D59 /* TminusMacUtils.m in Sources */ = {isa = PBXBuildFile; fileRef = FA4C1C461E7D3607009A2D59 /* TminusMacUtils.m */; };
		FA6A22751E59F317005FCFF1 /* AppDelegate.m in Sources */ = {isa = PBXBuildFile; fileRef = FA6A22741E59F317005FCFF1 /* AppDelegate.m */; };
		FA6A22781E59F317005FCFF1 /* main.m in Sources */ = {isa = PBXBuildFile; fileRef = FA6A22771E59F317005FCFF1 /* main.m */; };
		FA6A227B1E59F317005FCFF1 /* CountdownViewController.m in Sources */ = {isa = PBXBuildFile; fileRef = FA6A227A1E59F317005FCFF1 /* CountdownViewController.m */; };
		FA6A227D1E59F317005FCFF1 /* Assets.xcassets in Resources */ = {isa = PBXBuildFile; fileRef = FA6A227C1E59F317005FCFF1 /* Assets.xcassets */; };
		FA6A22801E59F317005FCFF1 /* Main.storyboard in Resources */ = {isa = PBXBuildFile; fileRef = FA6A227E1E59F317005FCFF1 /* Main.storyboard */; };
		FA6A228B1E59F317005FCFF1 /* T_MinusTests.m in Sources */ = {isa = PBXBuildFile; fileRef = FA6A228A1E59F317005FCFF1 /* T_MinusTests.m */; };
		FA6A22961E59F317005FCFF1 /* T_MinusUITests.m in Sources */ = {isa = PBXBuildFile; fileRef = FA6A22951E59F317005FCFF1 /* T_MinusUITests.m */; };
		FA6A22A61E59F3E7005FCFF1 /* tminus.c in Sources */ = {isa = PBXBuildFile; fileRef = FA6A22A41E59F3E7005FCFF1 /* tminus.c */; };
		FA6BE4011E6320D3005D85CF /* CreateCountdownViewController.m in Sources */ = {isa = PBXBuildFile; fileRef = FA6BE4001E6320D3005D85CF /* CreateCountdownViewController.m */; };
		FA6BE4031E632B19005D85CF /* CountdownView.xib in Resources */ = {isa = PBXBuildFile; fileRef = FA6BE4021E632B19005D85CF /* CountdownView.xib */; };
		FA6BE4061E632B2D005D85CF /* CountdownView.m in Sources */ = {isa = PBXBuildFile; fileRef = FA6BE4051E632B2D005D85CF /* CountdownView.m */; };
		FA6BE40A1E64AACA005D85CF /* NSImageView+AverageColor.m in Sources */ = {isa = PBXBuildFile; fileRef = FA6BE4091E64AACA005D85CF /* NSImageView+AverageColor.m */; };
/* End PBXBuildFile section */

/* Begin PBXContainerItemProxy section */
		FA4C1C3D1E7D31DE009A2D59 /* PBXContainerItemProxy */ = {
			isa = PBXContainerItemProxy;
			containerPortal = FA6A22681E59F317005FCFF1 /* Project object */;
			proxyType = 1;
			remoteGlobalIDString = FA4C1C2B1E7D31DE009A2D59;
			remoteInfo = TodayWidget;
		};
		FA6A22871E59F317005FCFF1 /* PBXContainerItemProxy */ = {
			isa = PBXContainerItemProxy;
			containerPortal = FA6A22681E59F317005FCFF1 /* Project object */;
			proxyType = 1;
			remoteGlobalIDString = FA6A226F1E59F317005FCFF1;
			remoteInfo = "T-Minus";
		};
		FA6A22921E59F317005FCFF1 /* PBXContainerItemProxy */ = {
			isa = PBXContainerItemProxy;
			containerPortal = FA6A22681E59F317005FCFF1 /* Project object */;
			proxyType = 1;
			remoteGlobalIDString = FA6A226F1E59F317005FCFF1;
			remoteInfo = "T-Minus";
		};
/* End PBXContainerItemProxy section */

/* Begin PBXCopyFilesBuildPhase section */
		FA4C1C431E7D31DE009A2D59 /* Embed App Extensions */ = {
			isa = PBXCopyFilesBuildPhase;
			buildActionMask = 2147483647;
			dstPath = "";
			dstSubfolderSpec = 13;
			files = (
				FA4C1C3F1E7D31DE009A2D59 /* TodayWidget.appex in Embed App Extensions */,
			);
			name = "Embed App Extensions";
			runOnlyForDeploymentPostprocessing = 0;
		};
/* End PBXCopyFilesBuildPhase section */

/* Begin PBXFileReference section */
		FA4C1C2C1E7D31DE009A2D59 /* TodayWidget.appex */ = {isa = PBXFileReference; explicitFileType = "wrapper.app-extension"; includeInIndex = 0; path = TodayWidget.appex; sourceTree = BUILT_PRODUCTS_DIR; };
		FA4C1C2E1E7D31DE009A2D59 /* NotificationCenter.framework */ = {isa = PBXFileReference; lastKnownFileType = wrapper.framework; name = NotificationCenter.framework; path = System/Library/Frameworks/NotificationCenter.framework; sourceTree = SDKROOT; };
		FA4C1C321E7D31DE009A2D59 /* TodayWidget.entitlements */ = {isa = PBXFileReference; lastKnownFileType = text.plist.entitlements; path = TodayWidget.entitlements; sourceTree = "<group>"; };
		FA4C1C331E7D31DE009A2D59 /* TodayViewController.h */ = {isa = PBXFileReference; lastKnownFileType = sourcecode.c.h; path = TodayViewController.h; sourceTree = "<group>"; };
		FA4C1C341E7D31DE009A2D59 /* TodayViewController.m */ = {isa = PBXFileReference; lastKnownFileType = sourcecode.c.objc; path = TodayViewController.m; sourceTree = "<group>"; };
		FA4C1C371E7D31DE009A2D59 /* Base */ = {isa = PBXFileReference; lastKnownFileType = file.xib; name = Base; path = Base.lproj/TodayViewController.xib; sourceTree = "<group>"; };
		FA4C1C391E7D31DE009A2D59 /* Info.plist */ = {isa = PBXFileReference; lastKnownFileType = text.plist.xml; path = Info.plist; sourceTree = "<group>"; };
		FA4C1C3B1E7D31DE009A2D59 /* en */ = {isa = PBXFileReference; lastKnownFileType = text.plist.strings; name = en; path = en.lproj/InfoPlist.strings; sourceTree = "<group>"; };
		FA4C1C451E7D3607009A2D59 /* TminusMacUtils.h */ = {isa = PBXFileReference; fileEncoding = 4; lastKnownFileType = sourcecode.c.h; path = TminusMacUtils.h; sourceTree = "<group>"; };
		FA4C1C461E7D3607009A2D59 /* TminusMacUtils.m */ = {isa = PBXFileReference; fileEncoding = 4; lastKnownFileType = sourcecode.c.objc; path = TminusMacUtils.m; sourceTree = "<group>"; };
		FA4C1C491E7D3B76009A2D59 /* T-Minus.entitlements */ = {isa = PBXFileReference; lastKnownFileType = text.plist.entitlements; path = "T-Minus.entitlements"; sourceTree = "<group>"; };
		FA6A22701E59F317005FCFF1 /* T-Minus.app */ = {isa = PBXFileReference; explicitFileType = wrapper.application; includeInIndex = 0; path = "T-Minus.app"; sourceTree = BUILT_PRODUCTS_DIR; };
		FA6A22731E59F317005FCFF1 /* AppDelegate.h */ = {isa = PBXFileReference; lastKnownFileType = sourcecode.c.h; path = AppDelegate.h; sourceTree = "<group>"; };
		FA6A22741E59F317005FCFF1 /* AppDelegate.m */ = {isa = PBXFileReference; lastKnownFileType = sourcecode.c.objc; path = AppDelegate.m; sourceTree = "<group>"; };
		FA6A22771E59F317005FCFF1 /* main.m */ = {isa = PBXFileReference; lastKnownFileType = sourcecode.c.objc; path = main.m; sourceTree = "<group>"; };
		FA6A22791E59F317005FCFF1 /* CountdownViewController.h */ = {isa = PBXFileReference; lastKnownFileType = sourcecode.c.h; path = CountdownViewController.h; sourceTree = "<group>"; };
		FA6A227A1E59F317005FCFF1 /* CountdownViewController.m */ = {isa = PBXFileReference; lastKnownFileType = sourcecode.c.objc; path = CountdownViewController.m; sourceTree = "<group>"; };
		FA6A227C1E59F317005FCFF1 /* Assets.xcassets */ = {isa = PBXFileReference; lastKnownFileType = folder.assetcatalog; path = Assets.xcassets; sourceTree = "<group>"; };
		FA6A227F1E59F317005FCFF1 /* Base */ = {isa = PBXFileReference; lastKnownFileType = file.storyboard; name = Base; path = Base.lproj/Main.storyboard; sourceTree = "<group>"; };
		FA6A22811E59F317005FCFF1 /* Info.plist */ = {isa = PBXFileReference; lastKnownFileType = text.plist.xml; path = Info.plist; sourceTree = "<group>"; };
		FA6A22861E59F317005FCFF1 /* T-MinusTests.xctest */ = {isa = PBXFileReference; explicitFileType = wrapper.cfbundle; includeInIndex = 0; path = "T-MinusTests.xctest"; sourceTree = BUILT_PRODUCTS_DIR; };
		FA6A228A1E59F317005FCFF1 /* T_MinusTests.m */ = {isa = PBXFileReference; lastKnownFileType = sourcecode.c.objc; path = T_MinusTests.m; sourceTree = "<group>"; };
		FA6A228C1E59F317005FCFF1 /* Info.plist */ = {isa = PBXFileReference; lastKnownFileType = text.plist.xml; path = Info.plist; sourceTree = "<group>"; };
		FA6A22911E59F317005FCFF1 /* T-MinusUITests.xctest */ = {isa = PBXFileReference; explicitFileType = wrapper.cfbundle; includeInIndex = 0; path = "T-MinusUITests.xctest"; sourceTree = BUILT_PRODUCTS_DIR; };
		FA6A22951E59F317005FCFF1 /* T_MinusUITests.m */ = {isa = PBXFileReference; lastKnownFileType = sourcecode.c.objc; path = T_MinusUITests.m; sourceTree = "<group>"; };
		FA6A22971E59F317005FCFF1 /* Info.plist */ = {isa = PBXFileReference; lastKnownFileType = text.plist.xml; path = Info.plist; sourceTree = "<group>"; };
		FA6A22A41E59F3E7005FCFF1 /* tminus.c */ = {isa = PBXFileReference; fileEncoding = 4; lastKnownFileType = sourcecode.c.c; path = tminus.c; sourceTree = "<group>"; };
		FA6A22A51E59F3E7005FCFF1 /* tminus.h */ = {isa = PBXFileReference; fileEncoding = 4; lastKnownFileType = sourcecode.c.h; path = tminus.h; sourceTree = "<group>"; };
		FA6BE3FF1E6320D3005D85CF /* CreateCountdownViewController.h */ = {isa = PBXFileReference; fileEncoding = 4; lastKnownFileType = sourcecode.c.h; path = CreateCountdownViewController.h; sourceTree = "<group>"; };
		FA6BE4001E6320D3005D85CF /* CreateCountdownViewController.m */ = {isa = PBXFileReference; fileEncoding = 4; lastKnownFileType = sourcecode.c.objc; path = CreateCountdownViewController.m; sourceTree = "<group>"; };
		FA6BE4021E632B19005D85CF /* CountdownView.xib */ = {isa = PBXFileReference; fileEncoding = 4; lastKnownFileType = file.xib; path = CountdownView.xib; sourceTree = "<group>"; };
		FA6BE4041E632B2D005D85CF /* CountdownView.h */ = {isa = PBXFileReference; fileEncoding = 4; lastKnownFileType = sourcecode.c.h; path = CountdownView.h; sourceTree = "<group>"; };
		FA6BE4051E632B2D005D85CF /* CountdownView.m */ = {isa = PBXFileReference; fileEncoding = 4; lastKnownFileType = sourcecode.c.objc; path = CountdownView.m; sourceTree = "<group>"; };
		FA6BE4081E64AACA005D85CF /* NSImageView+AverageColor.h */ = {isa = PBXFileReference; fileEncoding = 4; lastKnownFileType = sourcecode.c.h; path = "NSImageView+AverageColor.h"; sourceTree = "<group>"; };
		FA6BE4091E64AACA005D85CF /* NSImageView+AverageColor.m */ = {isa = PBXFileReference; fileEncoding = 4; lastKnownFileType = sourcecode.c.objc; path = "NSImageView+AverageColor.m"; sourceTree = "<group>"; };
/* End PBXFileReference section */

/* Begin PBXFrameworksBuildPhase section */
		FA4C1C291E7D31DE009A2D59 /* Frameworks */ = {
			isa = PBXFrameworksBuildPhase;
			buildActionMask = 2147483647;
			files = (
				FA4C1C2F1E7D31DE009A2D59 /* NotificationCenter.framework in Frameworks */,
			);
			runOnlyForDeploymentPostprocessing = 0;
		};
		FA6A226D1E59F317005FCFF1 /* Frameworks */ = {
			isa = PBXFrameworksBuildPhase;
			buildActionMask = 2147483647;
			files = (
			);
			runOnlyForDeploymentPostprocessing = 0;
		};
		FA6A22831E59F317005FCFF1 /* Frameworks */ = {
			isa = PBXFrameworksBuildPhase;
			buildActionMask = 2147483647;
			files = (
			);
			runOnlyForDeploymentPostprocessing = 0;
		};
		FA6A228E1E59F317005FCFF1 /* Frameworks */ = {
			isa = PBXFrameworksBuildPhase;
			buildActionMask = 2147483647;
			files = (
			);
			runOnlyForDeploymentPostprocessing = 0;
		};
/* End PBXFrameworksBuildPhase section */

/* Begin PBXGroup section */
		FA4C1C2D1E7D31DE009A2D59 /* Frameworks */ = {
			isa = PBXGroup;
			children = (
				FA4C1C2E1E7D31DE009A2D59 /* NotificationCenter.framework */,
			);
			name = Frameworks;
			sourceTree = "<group>";
		};
		FA4C1C301E7D31DE009A2D59 /* TodayWidget */ = {
			isa = PBXGroup;
			children = (
				FA4C1C331E7D31DE009A2D59 /* TodayViewController.h */,
				FA4C1C341E7D31DE009A2D59 /* TodayViewController.m */,
				FA4C1C361E7D31DE009A2D59 /* TodayViewController.xib */,
				FA4C1C391E7D31DE009A2D59 /* Info.plist */,
				FA4C1C3A1E7D31DE009A2D59 /* InfoPlist.strings */,
				FA4C1C311E7D31DE009A2D59 /* Supporting Files */,
			);
			path = TodayWidget;
			sourceTree = "<group>";
		};
		FA4C1C311E7D31DE009A2D59 /* Supporting Files */ = {
			isa = PBXGroup;
			children = (
				FA4C1C321E7D31DE009A2D59 /* TodayWidget.entitlements */,
			);
			name = "Supporting Files";
			sourceTree = "<group>";
		};
		FA6A22671E59F317005FCFF1 = {
			isa = PBXGroup;
			children = (
				FA6A22721E59F317005FCFF1 /* T-Minus */,
				FA6A22891E59F317005FCFF1 /* T-MinusTests */,
				FA6A22941E59F317005FCFF1 /* T-MinusUITests */,
				FA4C1C301E7D31DE009A2D59 /* TodayWidget */,
				FA4C1C2D1E7D31DE009A2D59 /* Frameworks */,
				FA6A22711E59F317005FCFF1 /* Products */,
			);
			sourceTree = "<group>";
		};
		FA6A22711E59F317005FCFF1 /* Products */ = {
			isa = PBXGroup;
			children = (
				FA6A22701E59F317005FCFF1 /* T-Minus.app */,
				FA6A22861E59F317005FCFF1 /* T-MinusTests.xctest */,
				FA6A22911E59F317005FCFF1 /* T-MinusUITests.xctest */,
				FA4C1C2C1E7D31DE009A2D59 /* TodayWidget.appex */,
			);
			name = Products;
			sourceTree = "<group>";
		};
		FA6A22721E59F317005FCFF1 /* T-Minus */ = {
			isa = PBXGroup;
			children = (
				FA4C1C491E7D3B76009A2D59 /* T-Minus.entitlements */,
				FA6BE4071E64AAA3005D85CF /* Utilities */,
				FA6A22A31E59F3D2005FCFF1 /* Core */,
				FA6A22731E59F317005FCFF1 /* AppDelegate.h */,
				FA6A22741E59F317005FCFF1 /* AppDelegate.m */,
				FA6A22791E59F317005FCFF1 /* CountdownViewController.h */,
				FA6A227A1E59F317005FCFF1 /* CountdownViewController.m */,
				FA6A227C1E59F317005FCFF1 /* Assets.xcassets */,
				FA6A227E1E59F317005FCFF1 /* Main.storyboard */,
				FA6BE4021E632B19005D85CF /* CountdownView.xib */,
				FA6BE4041E632B2D005D85CF /* CountdownView.h */,
				FA6BE4051E632B2D005D85CF /* CountdownView.m */,
				FA6BE3FF1E6320D3005D85CF /* CreateCountdownViewController.h */,
				FA6BE4001E6320D3005D85CF /* CreateCountdownViewController.m */,
				FA6A22811E59F317005FCFF1 /* Info.plist */,
				FA6A22761E59F317005FCFF1 /* Supporting Files */,
			);
			path = "T-Minus";
			sourceTree = "<group>";
		};
		FA6A22761E59F317005FCFF1 /* Supporting Files */ = {
			isa = PBXGroup;
			children = (
				FA6A22771E59F317005FCFF1 /* main.m */,
				FA4C1C451E7D3607009A2D59 /* TminusMacUtils.h */,
				FA4C1C461E7D3607009A2D59 /* TminusMacUtils.m */,
			);
			name = "Supporting Files";
			sourceTree = "<group>";
		};
		FA6A22891E59F317005FCFF1 /* T-MinusTests */ = {
			isa = PBXGroup;
			children = (
				FA6A228A1E59F317005FCFF1 /* T_MinusTests.m */,
				FA6A228C1E59F317005FCFF1 /* Info.plist */,
			);
			path = "T-MinusTests";
			sourceTree = "<group>";
		};
		FA6A22941E59F317005FCFF1 /* T-MinusUITests */ = {
			isa = PBXGroup;
			children = (
				FA6A22951E59F317005FCFF1 /* T_MinusUITests.m */,
				FA6A22971E59F317005FCFF1 /* Info.plist */,
			);
			path = "T-MinusUITests";
			sourceTree = "<group>";
		};
		FA6A22A31E59F3D2005FCFF1 /* Core */ = {
			isa = PBXGroup;
			children = (
				FA6A22A41E59F3E7005FCFF1 /* tminus.c */,
				FA6A22A51E59F3E7005FCFF1 /* tminus.h */,
			);
			name = Core;
			sourceTree = "<group>";
		};
		FA6BE4071E64AAA3005D85CF /* Utilities */ = {
			isa = PBXGroup;
			children = (
				FA6BE4081E64AACA005D85CF /* NSImageView+AverageColor.h */,
				FA6BE4091E64AACA005D85CF /* NSImageView+AverageColor.m */,
			);
			name = Utilities;
			sourceTree = "<group>";
		};
/* End PBXGroup section */

/* Begin PBXNativeTarget section */
		FA4C1C2B1E7D31DE009A2D59 /* TodayWidget */ = {
			isa = PBXNativeTarget;
			buildConfigurationList = FA4C1C421E7D31DE009A2D59 /* Build configuration list for PBXNativeTarget "TodayWidget" */;
			buildPhases = (
				FA4C1C281E7D31DE009A2D59 /* Sources */,
				FA4C1C291E7D31DE009A2D59 /* Frameworks */,
				FA4C1C2A1E7D31DE009A2D59 /* Resources */,
			);
			buildRules = (
			);
			dependencies = (
			);
			name = TodayWidget;
			productName = TodayWidget;
			productReference = FA4C1C2C1E7D31DE009A2D59 /* TodayWidget.appex */;
			productType = "com.apple.product-type.app-extension";
		};
		FA6A226F1E59F317005FCFF1 /* T-Minus */ = {
			isa = PBXNativeTarget;
			buildConfigurationList = FA6A229A1E59F317005FCFF1 /* Build configuration list for PBXNativeTarget "T-Minus" */;
			buildPhases = (
				FA6A226C1E59F317005FCFF1 /* Sources */,
				FA6A226D1E59F317005FCFF1 /* Frameworks */,
				FA6A226E1E59F317005FCFF1 /* Resources */,
				FA4C1C431E7D31DE009A2D59 /* Embed App Extensions */,
			);
			buildRules = (
			);
			dependencies = (
				FA4C1C3E1E7D31DE009A2D59 /* PBXTargetDependency */,
			);
			name = "T-Minus";
			productName = "T-Minus";
			productReference = FA6A22701E59F317005FCFF1 /* T-Minus.app */;
			productType = "com.apple.product-type.application";
		};
		FA6A22851E59F317005FCFF1 /* T-MinusTests */ = {
			isa = PBXNativeTarget;
			buildConfigurationList = FA6A229D1E59F317005FCFF1 /* Build configuration list for PBXNativeTarget "T-MinusTests" */;
			buildPhases = (
				FA6A22821E59F317005FCFF1 /* Sources */,
				FA6A22831E59F317005FCFF1 /* Frameworks */,
				FA6A22841E59F317005FCFF1 /* Resources */,
			);
			buildRules = (
			);
			dependencies = (
				FA6A22881E59F317005FCFF1 /* PBXTargetDependency */,
			);
			name = "T-MinusTests";
			productName = "T-MinusTests";
			productReference = FA6A22861E59F317005FCFF1 /* T-MinusTests.xctest */;
			productType = "com.apple.product-type.bundle.unit-test";
		};
		FA6A22901E59F317005FCFF1 /* T-MinusUITests */ = {
			isa = PBXNativeTarget;
			buildConfigurationList = FA6A22A01E59F317005FCFF1 /* Build configuration list for PBXNativeTarget "T-MinusUITests" */;
			buildPhases = (
				FA6A228D1E59F317005FCFF1 /* Sources */,
				FA6A228E1E59F317005FCFF1 /* Frameworks */,
				FA6A228F1E59F317005FCFF1 /* Resources */,
			);
			buildRules = (
			);
			dependencies = (
				FA6A22931E59F317005FCFF1 /* PBXTargetDependency */,
			);
			name = "T-MinusUITests";
			productName = "T-MinusUITests";
			productReference = FA6A22911E59F317005FCFF1 /* T-MinusUITests.xctest */;
			productType = "com.apple.product-type.bundle.ui-testing";
		};
/* End PBXNativeTarget section */

/* Begin PBXProject section */
		FA6A22681E59F317005FCFF1 /* Project object */ = {
			isa = PBXProject;
			attributes = {
				LastUpgradeCheck = 0820;
				ORGANIZATIONNAME = "Alexander Stonehouse";
				TargetAttributes = {
					FA4C1C2B1E7D31DE009A2D59 = {
						CreatedOnToolsVersion = 8.2.1;
						DevelopmentTeam = 84G73GMHBW;
						ProvisioningStyle = Automatic;
						SystemCapabilities = {
							com.apple.ApplicationGroups.Mac = {
								enabled = 1;
							};
						};
					};
					FA6A226F1E59F317005FCFF1 = {
						CreatedOnToolsVersion = 8.2.1;
						DevelopmentTeam = 84G73GMHBW;
						ProvisioningStyle = Automatic;
						SystemCapabilities = {
							com.apple.ApplicationGroups.Mac = {
								enabled = 1;
							};
							com.apple.Sandbox = {
								enabled = 1;
							};
						};
					};
					FA6A22851E59F317005FCFF1 = {
						CreatedOnToolsVersion = 8.2.1;
						DevelopmentTeam = 84G73GMHBW;
						ProvisioningStyle = Automatic;
						TestTargetID = FA6A226F1E59F317005FCFF1;
					};
					FA6A22901E59F317005FCFF1 = {
						CreatedOnToolsVersion = 8.2.1;
						ProvisioningStyle = Automatic;
						TestTargetID = FA6A226F1E59F317005FCFF1;
					};
				};
			};
			buildConfigurationList = FA6A226B1E59F317005FCFF1 /* Build configuration list for PBXProject "T-Minus" */;
			compatibilityVersion = "Xcode 3.2";
			developmentRegion = English;
			hasScannedForEncodings = 0;
			knownRegions = (
				en,
				Base,
			);
			mainGroup = FA6A22671E59F317005FCFF1;
			productRefGroup = FA6A22711E59F317005FCFF1 /* Products */;
			projectDirPath = "";
			projectRoot = "";
			targets = (
				FA6A226F1E59F317005FCFF1 /* T-Minus */,
				FA6A22851E59F317005FCFF1 /* T-MinusTests */,
				FA6A22901E59F317005FCFF1 /* T-MinusUITests */,
				FA4C1C2B1E7D31DE009A2D59 /* TodayWidget */,
			);
		};
/* End PBXProject section */

/* Begin PBXResourcesBuildPhase section */
		FA4C1C2A1E7D31DE009A2D59 /* Resources */ = {
			isa = PBXResourcesBuildPhase;
			buildActionMask = 2147483647;
			files = (
				FA4C1C381E7D31DE009A2D59 /* TodayViewController.xib in Resources */,
				FA4C1C3C1E7D31DE009A2D59 /* InfoPlist.strings in Resources */,
			);
			runOnlyForDeploymentPostprocessing = 0;
		};
		FA6A226E1E59F317005FCFF1 /* Resources */ = {
			isa = PBXResourcesBuildPhase;
			buildActionMask = 2147483647;
			files = (
				FA6A227D1E59F317005FCFF1 /* Assets.xcassets in Resources */,
				FA6BE4031E632B19005D85CF /* CountdownView.xib in Resources */,
				FA6A22801E59F317005FCFF1 /* Main.storyboard in Resources */,
			);
			runOnlyForDeploymentPostprocessing = 0;
		};
		FA6A22841E59F317005FCFF1 /* Resources */ = {
			isa = PBXResourcesBuildPhase;
			buildActionMask = 2147483647;
			files = (
			);
			runOnlyForDeploymentPostprocessing = 0;
		};
		FA6A228F1E59F317005FCFF1 /* Resources */ = {
			isa = PBXResourcesBuildPhase;
			buildActionMask = 2147483647;
			files = (
			);
			runOnlyForDeploymentPostprocessing = 0;
		};
/* End PBXResourcesBuildPhase section */

/* Begin PBXSourcesBuildPhase section */
		FA4C1C281E7D31DE009A2D59 /* Sources */ = {
			isa = PBXSourcesBuildPhase;
			buildActionMask = 2147483647;
			files = (
				FA4C1C481E7D366E009A2D59 /* TminusMacUtils.m in Sources */,
				FA4C1C351E7D31DE009A2D59 /* TodayViewController.m in Sources */,
				FA4C1C441E7D32DD009A2D59 /* tminus.c in Sources */,
			);
			runOnlyForDeploymentPostprocessing = 0;
		};
		FA6A226C1E59F317005FCFF1 /* Sources */ = {
			isa = PBXSourcesBuildPhase;
			buildActionMask = 2147483647;
			files = (
				FA6A227B1E59F317005FCFF1 /* CountdownViewController.m in Sources */,
				FA6BE40A1E64AACA005D85CF /* NSImageView+AverageColor.m in Sources */,
				FA6A22A61E59F3E7005FCFF1 /* tminus.c in Sources */,
				FA6BE4061E632B2D005D85CF /* CountdownView.m in Sources */,
				FA6A22781E59F317005FCFF1 /* main.m in Sources */,
				FA4C1C471E7D3607009A2D59 /* TminusMacUtils.m in Sources */,
				FA6BE4011E6320D3005D85CF /* CreateCountdownViewController.m in Sources */,
				FA6A22751E59F317005FCFF1 /* AppDelegate.m in Sources */,
			);
			runOnlyForDeploymentPostprocessing = 0;
		};
		FA6A22821E59F317005FCFF1 /* Sources */ = {
			isa = PBXSourcesBuildPhase;
			buildActionMask = 2147483647;
			files = (
				FA6A228B1E59F317005FCFF1 /* T_MinusTests.m in Sources */,
			);
			runOnlyForDeploymentPostprocessing = 0;
		};
		FA6A228D1E59F317005FCFF1 /* Sources */ = {
			isa = PBXSourcesBuildPhase;
			buildActionMask = 2147483647;
			files = (
				FA6A22961E59F317005FCFF1 /* T_MinusUITests.m in Sources */,
			);
			runOnlyForDeploymentPostprocessing = 0;
		};
/* End PBXSourcesBuildPhase section */

/* Begin PBXTargetDependency section */
		FA4C1C3E1E7D31DE009A2D59 /* PBXTargetDependency */ = {
			isa = PBXTargetDependency;
			target = FA4C1C2B1E7D31DE009A2D59 /* TodayWidget */;
			targetProxy = FA4C1C3D1E7D31DE009A2D59 /* PBXContainerItemProxy */;
		};
		FA6A22881E59F317005FCFF1 /* PBXTargetDependency */ = {
			isa = PBXTargetDependency;
			target = FA6A226F1E59F317005FCFF1 /* T-Minus */;
			targetProxy = FA6A22871E59F317005FCFF1 /* PBXContainerItemProxy */;
		};
		FA6A22931E59F317005FCFF1 /* PBXTargetDependency */ = {
			isa = PBXTargetDependency;
			target = FA6A226F1E59F317005FCFF1 /* T-Minus */;
			targetProxy = FA6A22921E59F317005FCFF1 /* PBXContainerItemProxy */;
		};
/* End PBXTargetDependency section */

/* Begin PBXVariantGroup section */
		FA4C1C361E7D31DE009A2D59 /* TodayViewController.xib */ = {
			isa = PBXVariantGroup;
			children = (
				FA4C1C371E7D31DE009A2D59 /* Base */,
			);
			name = TodayViewController.xib;
			sourceTree = "<group>";
		};
		FA4C1C3A1E7D31DE009A2D59 /* InfoPlist.strings */ = {
			isa = PBXVariantGroup;
			children = (
				FA4C1C3B1E7D31DE009A2D59 /* en */,
			);
			name = InfoPlist.strings;
			sourceTree = "<group>";
		};
		FA6A227E1E59F317005FCFF1 /* Main.storyboard */ = {
			isa = PBXVariantGroup;
			children = (
				FA6A227F1E59F317005FCFF1 /* Base */,
			);
			name = Main.storyboard;
			sourceTree = "<group>";
		};
/* End PBXVariantGroup section */

/* Begin XCBuildConfiguration section */
		FA4C1C401E7D31DE009A2D59 /* Debug */ = {
			isa = XCBuildConfiguration;
			buildSettings = {
				CODE_SIGN_ENTITLEMENTS = TodayWidget/TodayWidget.entitlements;
				CODE_SIGN_IDENTITY = "Mac Developer";
				COMBINE_HIDPI_IMAGES = YES;
				DEVELOPMENT_TEAM = 84G73GMHBW;
				INFOPLIST_FILE = TodayWidget/Info.plist;
				LD_RUNPATH_SEARCH_PATHS = "$(inherited) @executable_path/../Frameworks @executable_path/../../../../Frameworks";
				PRODUCT_BUNDLE_IDENTIFIER = "EgoSapien.T-Minus.TodayWidget";
				PRODUCT_NAME = TodayWidget;
				SKIP_INSTALL = YES;
			};
			name = Debug;
		};
		FA4C1C411E7D31DE009A2D59 /* Release */ = {
			isa = XCBuildConfiguration;
			buildSettings = {
				CODE_SIGN_ENTITLEMENTS = TodayWidget/TodayWidget.entitlements;
				CODE_SIGN_IDENTITY = "Mac Developer";
				COMBINE_HIDPI_IMAGES = YES;
				DEVELOPMENT_TEAM = 84G73GMHBW;
				INFOPLIST_FILE = TodayWidget/Info.plist;
				LD_RUNPATH_SEARCH_PATHS = "$(inherited) @executable_path/../Frameworks @executable_path/../../../../Frameworks";
				PRODUCT_BUNDLE_IDENTIFIER = "EgoSapien.T-Minus.TodayWidget";
				PRODUCT_NAME = TodayWidget;
				SKIP_INSTALL = YES;
			};
			name = Release;
		};
		FA6A22981E59F317005FCFF1 /* Debug */ = {
			isa = XCBuildConfiguration;
			buildSettings = {
				ALWAYS_SEARCH_USER_PATHS = NO;
				CLANG_ANALYZER_NONNULL = YES;
				CLANG_CXX_LANGUAGE_STANDARD = "gnu++0x";
				CLANG_CXX_LIBRARY = "libc++";
				CLANG_ENABLE_MODULES = YES;
				CLANG_ENABLE_OBJC_ARC = YES;
				CLANG_WARN_BOOL_CONVERSION = YES;
				CLANG_WARN_CONSTANT_CONVERSION = YES;
				CLANG_WARN_DIRECT_OBJC_ISA_USAGE = YES_ERROR;
				CLANG_WARN_DOCUMENTATION_COMMENTS = YES;
				CLANG_WARN_EMPTY_BODY = YES;
				CLANG_WARN_ENUM_CONVERSION = YES;
				CLANG_WARN_INFINITE_RECURSION = YES;
				CLANG_WARN_INT_CONVERSION = YES;
				CLANG_WARN_OBJC_ROOT_CLASS = YES_ERROR;
				CLANG_WARN_SUSPICIOUS_MOVE = YES;
				CLANG_WARN_UNREACHABLE_CODE = YES;
				CLANG_WARN__DUPLICATE_METHOD_MATCH = YES;
				CODE_SIGN_IDENTITY = "-";
				COPY_PHASE_STRIP = NO;
				DEBUG_INFORMATION_FORMAT = dwarf;
				ENABLE_STRICT_OBJC_MSGSEND = YES;
				ENABLE_TESTABILITY = YES;
				GCC_C_LANGUAGE_STANDARD = gnu99;
				GCC_DYNAMIC_NO_PIC = NO;
				GCC_NO_COMMON_BLOCKS = YES;
				GCC_OPTIMIZATION_LEVEL = 0;
				GCC_PREPROCESSOR_DEFINITIONS = (
					"DEBUG=1",
					"$(inherited)",
				);
				GCC_WARN_64_TO_32_BIT_CONVERSION = YES;
				GCC_WARN_ABOUT_RETURN_TYPE = YES_ERROR;
				GCC_WARN_UNDECLARED_SELECTOR = YES;
				GCC_WARN_UNINITIALIZED_AUTOS = YES_AGGRESSIVE;
				GCC_WARN_UNUSED_FUNCTION = YES;
				GCC_WARN_UNUSED_VARIABLE = YES;
				MACOSX_DEPLOYMENT_TARGET = 10.12;
				MTL_ENABLE_DEBUG_INFO = YES;
				ONLY_ACTIVE_ARCH = YES;
				SDKROOT = macosx;
			};
			name = Debug;
		};
		FA6A22991E59F317005FCFF1 /* Release */ = {
			isa = XCBuildConfiguration;
			buildSettings = {
				ALWAYS_SEARCH_USER_PATHS = NO;
				CLANG_ANALYZER_NONNULL = YES;
				CLANG_CXX_LANGUAGE_STANDARD = "gnu++0x";
				CLANG_CXX_LIBRARY = "libc++";
				CLANG_ENABLE_MODULES = YES;
				CLANG_ENABLE_OBJC_ARC = YES;
				CLANG_WARN_BOOL_CONVERSION = YES;
				CLANG_WARN_CONSTANT_CONVERSION = YES;
				CLANG_WARN_DIRECT_OBJC_ISA_USAGE = YES_ERROR;
				CLANG_WARN_DOCUMENTATION_COMMENTS = YES;
				CLANG_WARN_EMPTY_BODY = YES;
				CLANG_WARN_ENUM_CONVERSION = YES;
				CLANG_WARN_INFINITE_RECURSION = YES;
				CLANG_WARN_INT_CONVERSION = YES;
				CLANG_WARN_OBJC_ROOT_CLASS = YES_ERROR;
				CLANG_WARN_SUSPICIOUS_MOVE = YES;
				CLANG_WARN_UNREACHABLE_CODE = YES;
				CLANG_WARN__DUPLICATE_METHOD_MATCH = YES;
				CODE_SIGN_IDENTITY = "-";
				COPY_PHASE_STRIP = NO;
				DEBUG_INFORMATION_FORMAT = "dwarf-with-dsym";
				ENABLE_NS_ASSERTIONS = NO;
				ENABLE_STRICT_OBJC_MSGSEND = YES;
				GCC_C_LANGUAGE_STANDARD = gnu99;
				GCC_NO_COMMON_BLOCKS = YES;
				GCC_WARN_64_TO_32_BIT_CONVERSION = YES;
				GCC_WARN_ABOUT_RETURN_TYPE = YES_ERROR;
				GCC_WARN_UNDECLARED_SELECTOR = YES;
				GCC_WARN_UNINITIALIZED_AUTOS = YES_AGGRESSIVE;
				GCC_WARN_UNUSED_FUNCTION = YES;
				GCC_WARN_UNUSED_VARIABLE = YES;
				MACOSX_DEPLOYMENT_TARGET = 10.12;
				MTL_ENABLE_DEBUG_INFO = NO;
				SDKROOT = macosx;
			};
			name = Release;
		};
		FA6A229B1E59F317005FCFF1 /* Debug */ = {
			isa = XCBuildConfiguration;
			buildSettings = {
				ASSETCATALOG_COMPILER_APPICON_NAME = AppIcon;
				CODE_SIGN_ENTITLEMENTS = "T-Minus/T-Minus.entitlements";
				CODE_SIGN_IDENTITY = "Mac Developer";
				COMBINE_HIDPI_IMAGES = YES;
				DEVELOPMENT_TEAM = 84G73GMHBW;
				INFOPLIST_FILE = "T-Minus/Info.plist";
				LD_RUNPATH_SEARCH_PATHS = "$(inherited) @executable_path/../Frameworks";
				MACOSX_DEPLOYMENT_TARGET = 10.10;
				OTHER_CODE_SIGN_FLAGS = "--deep";
				PRODUCT_BUNDLE_IDENTIFIER = "EgoSapien.T-Minus";
				PRODUCT_NAME = "$(TARGET_NAME)";
			};
			name = Debug;
		};
		FA6A229C1E59F317005FCFF1 /* Release */ = {
			isa = XCBuildConfiguration;
			buildSettings = {
				ASSETCATALOG_COMPILER_APPICON_NAME = AppIcon;
				CODE_SIGN_ENTITLEMENTS = "T-Minus/T-Minus.entitlements";
				CODE_SIGN_IDENTITY = "Mac Developer";
				COMBINE_HIDPI_IMAGES = YES;
				DEVELOPMENT_TEAM = 84G73GMHBW;
				INFOPLIST_FILE = "T-Minus/Info.plist";
				LD_RUNPATH_SEARCH_PATHS = "$(inherited) @executable_path/../Frameworks";
				MACOSX_DEPLOYMENT_TARGET = 10.10;
				OTHER_CODE_SIGN_FLAGS = "--deep";
				PRODUCT_BUNDLE_IDENTIFIER = "EgoSapien.T-Minus";
				PRODUCT_NAME = "$(TARGET_NAME)";
			};
			name = Release;
		};
		FA6A229E1E59F317005FCFF1 /* Debug */ = {
			isa = XCBuildConfiguration;
			buildSettings = {
				BUNDLE_LOADER = "$(TEST_HOST)";
				CODE_SIGN_IDENTITY = "Mac Developer";
				COMBINE_HIDPI_IMAGES = YES;
				DEVELOPMENT_TEAM = 84G73GMHBW;
				INFOPLIST_FILE = "T-MinusTests/Info.plist";
				LD_RUNPATH_SEARCH_PATHS = "$(inherited) @executable_path/../Frameworks @loader_path/../Frameworks";
				PRODUCT_BUNDLE_IDENTIFIER = "EgoSapien.T-MinusTests";
				PRODUCT_NAME = "$(TARGET_NAME)";
				TEST_HOST = "$(BUILT_PRODUCTS_DIR)/T-Minus.app/Contents/MacOS/T-Minus";
			};
			name = Debug;
		};
		FA6A229F1E59F317005FCFF1 /* Release */ = {
			isa = XCBuildConfiguration;
			buildSettings = {
				BUNDLE_LOADER = "$(TEST_HOST)";
				CODE_SIGN_IDENTITY = "Mac Developer";
				COMBINE_HIDPI_IMAGES = YES;
				DEVELOPMENT_TEAM = 84G73GMHBW;
				INFOPLIST_FILE = "T-MinusTests/Info.plist";
				LD_RUNPATH_SEARCH_PATHS = "$(inherited) @executable_path/../Frameworks @loader_path/../Frameworks";
				PRODUCT_BUNDLE_IDENTIFIER = "EgoSapien.T-MinusTests";
				PRODUCT_NAME = "$(TARGET_NAME)";
				TEST_HOST = "$(BUILT_PRODUCTS_DIR)/T-Minus.app/Contents/MacOS/T-Minus";
			};
			name = Release;
		};
		FA6A22A11E59F317005FCFF1 /* Debug */ = {
			isa = XCBuildConfiguration;
			buildSettings = {
				COMBINE_HIDPI_IMAGES = YES;
				INFOPLIST_FILE = "T-MinusUITests/Info.plist";
				LD_RUNPATH_SEARCH_PATHS = "$(inherited) @executable_path/../Frameworks @loader_path/../Frameworks";
				PRODUCT_BUNDLE_IDENTIFIER = "EgoSapien.T-MinusUITests";
				PRODUCT_NAME = "$(TARGET_NAME)";
				TEST_TARGET_NAME = "T-Minus";
			};
			name = Debug;
		};
		FA6A22A21E59F317005FCFF1 /* Release */ = {
			isa = XCBuildConfiguration;
			buildSettings = {
				COMBINE_HIDPI_IMAGES = YES;
				INFOPLIST_FILE = "T-MinusUITests/Info.plist";
				LD_RUNPATH_SEARCH_PATHS = "$(inherited) @executable_path/../Frameworks @loader_path/../Frameworks";
				PRODUCT_BUNDLE_IDENTIFIER = "EgoSapien.T-MinusUITests";
				PRODUCT_NAME = "$(TARGET_NAME)";
				TEST_TARGET_NAME = "T-Minus";
			};
			name = Release;
		};
/* End XCBuildConfiguration section */

/* Begin XCConfigurationList section */
		FA4C1C421E7D31DE009A2D59 /* Build configuration list for PBXNativeTarget "TodayWidget" */ = {
			isa = XCConfigurationList;
			buildConfigurations = (
				FA4C1C401E7D31DE009A2D59 /* Debug */,
				FA4C1C411E7D31DE009A2D59 /* Release */,
			);
			defaultConfigurationIsVisible = 0;
			defaultConfigurationName = Release;
		};
		FA6A226B1E59F317005FCFF1 /* Build configuration list for PBXProject "T-Minus" */ = {
			isa = XCConfigurationList;
			buildConfigurations = (
				FA6A22981E59F317005FCFF1 /* Debug */,
				FA6A22991E59F317005FCFF1 /* Release */,
			);
			defaultConfigurationIsVisible = 0;
			defaultConfigurationName = Release;
		};
		FA6A229A1E59F317005FCFF1 /* Build configuration list for PBXNativeTarget "T-Minus" */ = {
			isa = XCConfigurationList;
			buildConfigurations = (
				FA6A229B1E59F317005FCFF1 /* Debug */,
				FA6A229C1E59F317005FCFF1 /* Release */,
			);
			defaultConfigurationIsVisible = 0;
			defaultConfigurationName = Release;
		};
		FA6A229D1E59F317005FCFF1 /* Build configuration list for PBXNativeTarget "T-MinusTests" */ = {
			isa = XCConfigurationList;
			buildConfigurations = (
				FA6A229E1E59F317005FCFF1 /* Debug */,
				FA6A229F1E59F317005FCFF1 /* Release */,
			);
			defaultConfigurationIsVisible = 0;
			defaultConfigurationName = Release;
		};
		FA6A22A01E59F317005FCFF1 /* Build configuration list for PBXNativeTarget "T-MinusUITests" */ = {
			isa = XCConfigurationList;
			buildConfigurations = (
				FA6A22A11E59F317005FCFF1 /* Debug */,
				FA6A22A21E59F317005FCFF1 /* Release */,
			);
			defaultConfigurationIsVisible = 0;
			defaultConfigurationName = Release;
		};
/* End XCConfigurationList section */
	};
	rootObject = FA6A22681E59F317005FCFF1 /* Project object */;
}
